// !$*UTF8*$!
{
	archiveVersion = 1;
	classes = {
	};
	objectVersion = 48;
	objects = {

/* Begin PBXBuildFile section */
		FD267F911EEA122A009AEB2C /* AppDelegate.swift in Sources */ = {isa = PBXBuildFile; fileRef = FD267F901EEA122A009AEB2C /* AppDelegate.swift */; };
		FD267F931EEA122A009AEB2C /* CameraViewController.swift in Sources */ = {isa = PBXBuildFile; fileRef = FD267F921EEA122A009AEB2C /* CameraViewController.swift */; };
		FD267F981EEA122A009AEB2C /* Assets.xcassets in Resources */ = {isa = PBXBuildFile; fileRef = FD267F971EEA122A009AEB2C /* Assets.xcassets */; };
		FD267F9B1EEA122A009AEB2C /* LaunchScreen.storyboard in Resources */ = {isa = PBXBuildFile; fileRef = FD267F991EEA122A009AEB2C /* LaunchScreen.storyboard */; };
		FD267FA31EEA1236009AEB2C /* GoogLeNetPlaces.mlmodel in Sources */ = {isa = PBXBuildFile; fileRef = FD267FA21EEA1236009AEB2C /* GoogLeNetPlaces.mlmodel */; };
		FD267FA51EEA2FE4009AEB2C /* UIImage.swift in Sources */ = {isa = PBXBuildFile; fileRef = FD267FA41EEA2FE4009AEB2C /* UIImage.swift */; };
		FDC6FF6B1EEAD2DB00ECA47F /* CameraView.swift in Sources */ = {isa = PBXBuildFile; fileRef = FDC6FF6A1EEAD2DB00ECA47F /* CameraView.swift */; };
		FDC6FF6D1EEAD3C200ECA47F /* SmartViewController.swift in Sources */ = {isa = PBXBuildFile; fileRef = FDC6FF6C1EEAD3C200ECA47F /* SmartViewController.swift */; };
		FDC6FF6F1EEAD73E00ECA47F /* CVImageBuffer.swift in Sources */ = {isa = PBXBuildFile; fileRef = FDC6FF6E1EEAD73E00ECA47F /* CVImageBuffer.swift */; };
/* End PBXBuildFile section */

/* Begin PBXFileReference section */
		FD267F8D1EEA122A009AEB2C /* CoreMLSample.app */ = {isa = PBXFileReference; explicitFileType = wrapper.application; includeInIndex = 0; path = CoreMLSample.app; sourceTree = BUILT_PRODUCTS_DIR; };
		FD267F901EEA122A009AEB2C /* AppDelegate.swift */ = {isa = PBXFileReference; lastKnownFileType = sourcecode.swift; path = AppDelegate.swift; sourceTree = "<group>"; };
		FD267F921EEA122A009AEB2C /* CameraViewController.swift */ = {isa = PBXFileReference; lastKnownFileType = sourcecode.swift; path = CameraViewController.swift; sourceTree = "<group>"; };
		FD267F971EEA122A009AEB2C /* Assets.xcassets */ = {isa = PBXFileReference; lastKnownFileType = folder.assetcatalog; path = Assets.xcassets; sourceTree = "<group>"; };
		FD267F9A1EEA122A009AEB2C /* Base */ = {isa = PBXFileReference; lastKnownFileType = file.storyboard; name = Base; path = Base.lproj/LaunchScreen.storyboard; sourceTree = "<group>"; };
		FD267F9C1EEA122A009AEB2C /* Info.plist */ = {isa = PBXFileReference; lastKnownFileType = text.plist.xml; path = Info.plist; sourceTree = "<group>"; };
		FD267FA21EEA1236009AEB2C /* GoogLeNetPlaces.mlmodel */ = {isa = PBXFileReference; lastKnownFileType = file.mlmodel; name = GoogLeNetPlaces.mlmodel; path = ../../../../Downloads/GoogLeNetPlaces.mlmodel; sourceTree = "<group>"; };
		FD267FA41EEA2FE4009AEB2C /* UIImage.swift */ = {isa = PBXFileReference; lastKnownFileType = sourcecode.swift; path = UIImage.swift; sourceTree = "<group>"; };
		FD267FA61EEA30C4009AEB2C /* README.md */ = {isa = PBXFileReference; lastKnownFileType = net.daringfireball.markdown; path = README.md; sourceTree = SOURCE_ROOT; };
		FDC6FF6A1EEAD2DB00ECA47F /* CameraView.swift */ = {isa = PBXFileReference; lastKnownFileType = sourcecode.swift; path = CameraView.swift; sourceTree = "<group>"; };
		FDC6FF6C1EEAD3C200ECA47F /* SmartViewController.swift */ = {isa = PBXFileReference; lastKnownFileType = sourcecode.swift; path = SmartViewController.swift; sourceTree = "<group>"; };
		FDC6FF6E1EEAD73E00ECA47F /* CVImageBuffer.swift */ = {isa = PBXFileReference; lastKnownFileType = sourcecode.swift; path = CVImageBuffer.swift; sourceTree = "<group>"; };
/* End PBXFileReference section */

/* Begin PBXFrameworksBuildPhase section */
		FD267F8A1EEA122A009AEB2C /* Frameworks */ = {
			isa = PBXFrameworksBuildPhase;
			buildActionMask = 2147483647;
			files = (
			);
			runOnlyForDeploymentPostprocessing = 0;
		};
/* End PBXFrameworksBuildPhase section */

/* Begin PBXGroup section */
		FD267F841EEA122A009AEB2C = {
			isa = PBXGroup;
			children = (
				FD267FA61EEA30C4009AEB2C /* README.md */,
				FD267F8F1EEA122A009AEB2C /* CoreMLSample */,
				FD267F8E1EEA122A009AEB2C /* Products */,
			);
			sourceTree = "<group>";
		};
		FD267F8E1EEA122A009AEB2C /* Products */ = {
			isa = PBXGroup;
			children = (
				FD267F8D1EEA122A009AEB2C /* CoreMLSample.app */,
			);
			name = Products;
			sourceTree = "<group>";
		};
		FD267F8F1EEA122A009AEB2C /* CoreMLSample */ = {
			isa = PBXGroup;
			children = (
				FD267FA21EEA1236009AEB2C /* GoogLeNetPlaces.mlmodel */,
				FD267F901EEA122A009AEB2C /* AppDelegate.swift */,
				FD267F921EEA122A009AEB2C /* CameraViewController.swift */,
				FDC6FF6A1EEAD2DB00ECA47F /* CameraView.swift */,
				FDC6FF701EEAD88800ECA47F /* Helpers */,
				FD267F971EEA122A009AEB2C /* Assets.xcassets */,
				FD267F991EEA122A009AEB2C /* LaunchScreen.storyboard */,
				FD267F9C1EEA122A009AEB2C /* Info.plist */,
			);
			path = CoreMLSample;
			sourceTree = "<group>";
		};
		FDC6FF701EEAD88800ECA47F /* Helpers */ = {
			isa = PBXGroup;
			children = (
				FD267FA41EEA2FE4009AEB2C /* UIImage.swift */,
				FDC6FF6E1EEAD73E00ECA47F /* CVImageBuffer.swift */,
				FDC6FF6C1EEAD3C200ECA47F /* SmartViewController.swift */,
			);
			path = Helpers;
			sourceTree = "<group>";
		};
/* End PBXGroup section */

/* Begin PBXNativeTarget section */
		FD267F8C1EEA122A009AEB2C /* CoreMLSample */ = {
			isa = PBXNativeTarget;
			buildConfigurationList = FD267F9F1EEA122A009AEB2C /* Build configuration list for PBXNativeTarget "CoreMLSample" */;
			buildPhases = (
				FD267F891EEA122A009AEB2C /* Sources */,
				FD267F8A1EEA122A009AEB2C /* Frameworks */,
				FD267F8B1EEA122A009AEB2C /* Resources */,
			);
			buildRules = (
			);
			dependencies = (
			);
			name = CoreMLSample;
			productName = CoreMLSample;
			productReference = FD267F8D1EEA122A009AEB2C /* CoreMLSample.app */;
			productType = "com.apple.product-type.application";
		};
/* End PBXNativeTarget section */

/* Begin PBXProject section */
		FD267F851EEA122A009AEB2C /* Project object */ = {
			isa = PBXProject;
			attributes = {
				LastSwiftUpdateCheck = 0900;
				LastUpgradeCheck = 0900;
				ORGANIZATIONNAME = "Bruno Rocha";
				TargetAttributes = {
					FD267F8C1EEA122A009AEB2C = {
						CreatedOnToolsVersion = 9.0;
					};
				};
			};
			buildConfigurationList = FD267F881EEA122A009AEB2C /* Build configuration list for PBXProject "CoreMLSample" */;
			compatibilityVersion = "Xcode 8.0";
			developmentRegion = en;
			hasScannedForEncodings = 0;
			knownRegions = (
				en,
				Base,
			);
			mainGroup = FD267F841EEA122A009AEB2C;
			productRefGroup = FD267F8E1EEA122A009AEB2C /* Products */;
			projectDirPath = "";
			projectRoot = "";
			targets = (
				FD267F8C1EEA122A009AEB2C /* CoreMLSample */,
			);
		};
/* End PBXProject section */

/* Begin PBXResourcesBuildPhase section */
		FD267F8B1EEA122A009AEB2C /* Resources */ = {
			isa = PBXResourcesBuildPhase;
			buildActionMask = 2147483647;
			files = (
				FD267F9B1EEA122A009AEB2C /* LaunchScreen.storyboard in Resources */,
				FD267F981EEA122A009AEB2C /* Assets.xcassets in Resources */,
			);
			runOnlyForDeploymentPostprocessing = 0;
		};
/* End PBXResourcesBuildPhase section */

/* Begin PBXSourcesBuildPhase section */
		FD267F891EEA122A009AEB2C /* Sources */ = {
			isa = PBXSourcesBuildPhase;
			buildActionMask = 2147483647;
			files = (
				FDC6FF6F1EEAD73E00ECA47F /* CVImageBuffer.swift in Sources */,
				FD267F931EEA122A009AEB2C /* CameraViewController.swift in Sources */,
				FD267FA51EEA2FE4009AEB2C /* UIImage.swift in Sources */,
				FD267F911EEA122A009AEB2C /* AppDelegate.swift in Sources */,
				FDC6FF6B1EEAD2DB00ECA47F /* CameraView.swift in Sources */,
				FDC6FF6D1EEAD3C200ECA47F /* SmartViewController.swift in Sources */,
				FD267FA31EEA1236009AEB2C /* GoogLeNetPlaces.mlmodel in Sources */,
			);
			runOnlyForDeploymentPostprocessing = 0;
		};
/* End PBXSourcesBuildPhase section */

/* Begin PBXVariantGroup section */
		FD267F991EEA122A009AEB2C /* LaunchScreen.storyboard */ = {
			isa = PBXVariantGroup;
			children = (
				FD267F9A1EEA122A009AEB2C /* Base */,
			);
			name = LaunchScreen.storyboard;
			sourceTree = "<group>";
		};
/* End PBXVariantGroup section */

/* Begin XCBuildConfiguration section */
		FD267F9D1EEA122A009AEB2C /* Debug */ = {
			isa = XCBuildConfiguration;
			buildSettings = {
				ALWAYS_SEARCH_USER_PATHS = NO;
				CLANG_ANALYZER_NONNULL = YES;
				CLANG_ANALYZER_NUMBER_OBJECT_CONVERSION = YES_AGGRESSIVE;
				CLANG_CXX_LANGUAGE_STANDARD = "gnu++14";
				CLANG_CXX_LIBRARY = "libc++";
				CLANG_ENABLE_MODULES = YES;
				CLANG_ENABLE_OBJC_ARC = YES;
				CLANG_WARN_BLOCK_CAPTURE_AUTORELEASING = YES;
				CLANG_WARN_BOOL_CONVERSION = YES;
				CLANG_WARN_COMMA = YES;
				CLANG_WARN_CONSTANT_CONVERSION = YES;
				CLANG_WARN_DIRECT_OBJC_ISA_USAGE = YES_ERROR;
				CLANG_WARN_DOCUMENTATION_COMMENTS = YES;
				CLANG_WARN_EMPTY_BODY = YES;
				CLANG_WARN_ENUM_CONVERSION = YES;
				CLANG_WARN_INFINITE_RECURSION = YES;
				CLANG_WARN_INT_CONVERSION = YES;
				CLANG_WARN_OBJC_ROOT_CLASS = YES_ERROR;
				CLANG_WARN_RANGE_LOOP_ANALYSIS = YES;
				CLANG_WARN_STRICT_PROTOTYPES = YES;
				CLANG_WARN_SUSPICIOUS_MOVE = YES;
				CLANG_WARN_UNGUARDED_AVAILABILITY = YES_AGGRESSIVE;
				CLANG_WARN_UNREACHABLE_CODE = YES;
				CLANG_WARN__DUPLICATE_METHOD_MATCH = YES;
				CODE_SIGN_IDENTITY = "iPhone Developer";
				COPY_PHASE_STRIP = NO;
				DEBUG_INFORMATION_FORMAT = dwarf;
				ENABLE_STRICT_OBJC_MSGSEND = YES;
				ENABLE_TESTABILITY = YES;
				GCC_C_LANGUAGE_STANDARD = gnu11;
				GCC_DYNAMIC_NO_PIC = NO;
				GCC_NO_COMMON_BLOCKS = YES;
				GCC_OPTIMIZATION_LEVEL = 0;
				GCC_PREPROCESSOR_DEFINITIONS = (
					"DEBUG=1",
					"$(inherited)",
				);
				GCC_WARN_64_TO_32_BIT_CONVERSION = YES;
				GCC_WARN_ABOUT_RETURN_TYPE = YES_ERROR;
				GCC_WARN_UNDECLARED_SELECTOR = YES;
				GCC_WARN_UNINITIALIZED_AUTOS = YES_AGGRESSIVE;
				GCC_WARN_UNUSED_FUNCTION = YES;
				GCC_WARN_UNUSED_VARIABLE = YES;
				IPHONEOS_DEPLOYMENT_TARGET = 11.0;
				MTL_ENABLE_DEBUG_INFO = YES;
				ONLY_ACTIVE_ARCH = YES;
				SDKROOT = iphoneos;
				SWIFT_ACTIVE_COMPILATION_CONDITIONS = DEBUG;
				SWIFT_OPTIMIZATION_LEVEL = "-Onone";
			};
			name = Debug;
		};
		FD267F9E1EEA122A009AEB2C /* Release */ = {
			isa = XCBuildConfiguration;
			buildSettings = {
				ALWAYS_SEARCH_USER_PATHS = NO;
				CLANG_ANALYZER_NONNULL = YES;
				CLANG_ANALYZER_NUMBER_OBJECT_CONVERSION = YES_AGGRESSIVE;
				CLANG_CXX_LANGUAGE_STANDARD = "gnu++14";
				CLANG_CXX_LIBRARY = "libc++";
				CLANG_ENABLE_MODULES = YES;
				CLANG_ENABLE_OBJC_ARC = YES;
				CLANG_WARN_BLOCK_CAPTURE_AUTORELEASING = YES;
				CLANG_WARN_BOOL_CONVERSION = YES;
				CLANG_WARN_COMMA = YES;
				CLANG_WARN_CONSTANT_CONVERSION = YES;
				CLANG_WARN_DIRECT_OBJC_ISA_USAGE = YES_ERROR;
				CLANG_WARN_DOCUMENTATION_COMMENTS = YES;
				CLANG_WARN_EMPTY_BODY = YES;
				CLANG_WARN_ENUM_CONVERSION = YES;
				CLANG_WARN_INFINITE_RECURSION = YES;
				CLANG_WARN_INT_CONVERSION = YES;
				CLANG_WARN_OBJC_ROOT_CLASS = YES_ERROR;
				CLANG_WARN_RANGE_LOOP_ANALYSIS = YES;
				CLANG_WARN_STRICT_PROTOTYPES = YES;
				CLANG_WARN_SUSPICIOUS_MOVE = YES;
				CLANG_WARN_UNGUARDED_AVAILABILITY = YES_AGGRESSIVE;
				CLANG_WARN_UNREACHABLE_CODE = YES;
				CLANG_WARN__DUPLICATE_METHOD_MATCH = YES;
				CODE_SIGN_IDENTITY = "iPhone Developer";
				COPY_PHASE_STRIP = NO;
				DEBUG_INFORMATION_FORMAT = "dwarf-with-dsym";
				ENABLE_NS_ASSERTIONS = NO;
				ENABLE_STRICT_OBJC_MSGSEND = YES;
				GCC_C_LANGUAGE_STANDARD = gnu11;
				GCC_NO_COMMON_BLOCKS = YES;
				GCC_WARN_64_TO_32_BIT_CONVERSION = YES;
				GCC_WARN_ABOUT_RETURN_TYPE = YES_ERROR;
				GCC_WARN_UNDECLARED_SELECTOR = YES;
				GCC_WARN_UNINITIALIZED_AUTOS = YES_AGGRESSIVE;
				GCC_WARN_UNUSED_FUNCTION = YES;
				GCC_WARN_UNUSED_VARIABLE = YES;
				IPHONEOS_DEPLOYMENT_TARGET = 11.0;
				MTL_ENABLE_DEBUG_INFO = NO;
				SDKROOT = iphoneos;
				SWIFT_OPTIMIZATION_LEVEL = "-Owholemodule";
				VALIDATE_PRODUCT = YES;
			};
			name = Release;
		};
		FD267FA01EEA122A009AEB2C /* Debug */ = {
			isa = XCBuildConfiguration;
			buildSettings = {
				ASSETCATALOG_COMPILER_APPICON_NAME = AppIcon;
				DEVELOPMENT_TEAM = WZ2UP2QF9G;
				INFOPLIST_FILE = CoreMLSample/Info.plist;
				LD_RUNPATH_SEARCH_PATHS = "$(inherited) @executable_path/Frameworks";
				PRODUCT_BUNDLE_IDENTIFIER = com.rockbruno.CoreMLSample;
				PRODUCT_NAME = "$(TARGET_NAME)";
				SWIFT_VERSION = 4.0;
				TARGETED_DEVICE_FAMILY = "1,2";
			};
			name = Debug;
		};
		FD267FA11EEA122A009AEB2C /* Release */ = {
			isa = XCBuildConfiguration;
			buildSettings = {
				ASSETCATALOG_COMPILER_APPICON_NAME = AppIcon;
				DEVELOPMENT_TEAM = WZ2UP2QF9G;
				INFOPLIST_FILE = CoreMLSample/Info.plist;
				LD_RUNPATH_SEARCH_PATHS = "$(inherited) @executable_path/Frameworks";
				PRODUCT_BUNDLE_IDENTIFIER = com.rockbruno.CoreMLSample;
				PRODUCT_NAME = "$(TARGET_NAME)";
				SWIFT_VERSION = 4.0;
				TARGETED_DEVICE_FAMILY = "1,2";
			};
			name = Release;
		};
/* End XCBuildConfiguration section */

/* Begin XCConfigurationList section */
		FD267F881EEA122A009AEB2C /* Build configuration list for PBXProject "CoreMLSample" */ = {
			isa = XCConfigurationList;
			buildConfigurations = (
				FD267F9D1EEA122A009AEB2C /* Debug */,
				FD267F9E1EEA122A009AEB2C /* Release */,
			);
			defaultConfigurationIsVisible = 0;
			defaultConfigurationName = Release;
		};
		FD267F9F1EEA122A009AEB2C /* Build configuration list for PBXNativeTarget "CoreMLSample" */ = {
			isa = XCConfigurationList;
			buildConfigurations = (
				FD267FA01EEA122A009AEB2C /* Debug */,
				FD267FA11EEA122A009AEB2C /* Release */,
			);
			defaultConfigurationIsVisible = 0;
			defaultConfigurationName = Release;
		};
/* End XCConfigurationList section */
	};
	rootObject = FD267F851EEA122A009AEB2C /* Project object */;
}
